// !$*UTF8*$!
{
	archiveVersion = 1;
	classes = {
	};
	objectVersion = 46;
	objects = {

/* Begin PBXBuildFile section */
		AB0E7F9C1D714A6A00FA2088 /* json_table_view_images.xcdatamodeld in Sources */ = {isa = PBXBuildFile; fileRef = AB0E7F9A1D714A6A00FA2088 /* json_table_view_images.xcdatamodeld */; };
		AB55C7C91D6CE0070052891C /* AppDelegate.swift in Sources */ = {isa = PBXBuildFile; fileRef = AB55C7C81D6CE0070052891C /* AppDelegate.swift */; };
		AB55C7CB1D6CE0070052891C /* ViewController.swift in Sources */ = {isa = PBXBuildFile; fileRef = AB55C7CA1D6CE0070052891C /* ViewController.swift */; };
		AB55C7CE1D6CE0070052891C /* Main.storyboard in Resources */ = {isa = PBXBuildFile; fileRef = AB55C7CC1D6CE0070052891C /* Main.storyboard */; };
		AB55C7D01D6CE0070052891C /* Assets.xcassets in Resources */ = {isa = PBXBuildFile; fileRef = AB55C7CF1D6CE0070052891C /* Assets.xcassets */; };
		AB55C7D31D6CE0070052891C /* LaunchScreen.storyboard in Resources */ = {isa = PBXBuildFile; fileRef = AB55C7D11D6CE0070052891C /* LaunchScreen.storyboard */; };
		AB8AF4B71D7761C90081778B /* Default-568h@2x.png in Resources */ = {isa = PBXBuildFile; fileRef = AB8AF4B61D7761C90081778B /* Default-568h@2x.png */; };
		ABC889E41D749E2E0006334A /* image.jpg in Resources */ = {isa = PBXBuildFile; fileRef = ABC889E31D749E2E0006334A /* image.jpg */; };
/* End PBXBuildFile section */

/* Begin PBXFileReference section */
		AB0E7F9B1D714A6A00FA2088 /* json_table_view_images.xcdatamodel */ = {isa = PBXFileReference; lastKnownFileType = wrapper.xcdatamodel; path = json_table_view_images.xcdatamodel; sourceTree = "<group>"; };
		AB55C7C51D6CE0070052891C /* CruzyMovies.app */ = {isa = PBXFileReference; explicitFileType = wrapper.application; includeInIndex = 0; path = CruzyMovies.app; sourceTree = BUILT_PRODUCTS_DIR; };
		AB55C7C81D6CE0070052891C /* AppDelegate.swift */ = {isa = PBXFileReference; lastKnownFileType = sourcecode.swift; path = AppDelegate.swift; sourceTree = "<group>"; };
		AB55C7CA1D6CE0070052891C /* ViewController.swift */ = {isa = PBXFileReference; lastKnownFileType = sourcecode.swift; path = ViewController.swift; sourceTree = "<group>"; };
		AB55C7CD1D6CE0070052891C /* Base */ = {isa = PBXFileReference; lastKnownFileType = file.storyboard; name = Base; path = Base.lproj/Main.storyboard; sourceTree = "<group>"; };
		AB55C7CF1D6CE0070052891C /* Assets.xcassets */ = {isa = PBXFileReference; lastKnownFileType = folder.assetcatalog; path = Assets.xcassets; sourceTree = "<group>"; };
		AB55C7D21D6CE0070052891C /* Base */ = {isa = PBXFileReference; lastKnownFileType = file.storyboard; name = Base; path = Base.lproj/LaunchScreen.storyboard; sourceTree = "<group>"; };
		AB8AF4B41D7761690081778B /* Info.plist */ = {isa = PBXFileReference; fileEncoding = 4; lastKnownFileType = text.plist.xml; name = Info.plist; path = CruzyMovies/Info.plist; sourceTree = SOURCE_ROOT; };
		AB8AF4B61D7761C90081778B /* Default-568h@2x.png */ = {isa = PBXFileReference; lastKnownFileType = image.png; path = "Default-568h@2x.png"; sourceTree = "<group>"; };
		ABC889E31D749E2E0006334A /* image.jpg */ = {isa = PBXFileReference; lastKnownFileType = image.jpeg; path = image.jpg; sourceTree = "<group>"; };
/* End PBXFileReference section */

/* Begin PBXFrameworksBuildPhase section */
		AB55C7C21D6CE0070052891C /* Frameworks */ = {
			isa = PBXFrameworksBuildPhase;
			buildActionMask = 2147483647;
			files = (
			);
			runOnlyForDeploymentPostprocessing = 0;
		};
/* End PBXFrameworksBuildPhase section */

/* Begin PBXGroup section */
		AB55C7BC1D6CE0060052891C = {
			isa = PBXGroup;
			children = (
				AB8AF4B61D7761C90081778B /* Default-568h@2x.png */,
				AB55C7C71D6CE0070052891C /* CruzyMovies */,
				AB55C7C61D6CE0070052891C /* Products */,
			);
			sourceTree = "<group>";
		};
		AB55C7C61D6CE0070052891C /* Products */ = {
			isa = PBXGroup;
			children = (
				AB55C7C51D6CE0070052891C /* CruzyMovies.app */,
			);
			name = Products;
			sourceTree = "<group>";
		};
		AB55C7C71D6CE0070052891C /* CruzyMovies */ = {
			isa = PBXGroup;
			children = (
				AB55C7C81D6CE0070052891C /* AppDelegate.swift */,
				AB55C7CA1D6CE0070052891C /* ViewController.swift */,
				AB55C7CC1D6CE0070052891C /* Main.storyboard */,
				AB55C7CF1D6CE0070052891C /* Assets.xcassets */,
				ABC889E31D749E2E0006334A /* image.jpg */,
				AB0E7F9A1D714A6A00FA2088 /* json_table_view_images.xcdatamodeld */,
				AB55C7D11D6CE0070052891C /* LaunchScreen.storyboard */,
				AB8AF4B41D7761690081778B /* Info.plist */,
			);
			path = CruzyMovies;
			sourceTree = "<group>";
		};
/* End PBXGroup section */

/* Begin PBXNativeTarget section */
		AB55C7C41D6CE0070052891C /* CruzyMovies */ = {
			isa = PBXNativeTarget;
			buildConfigurationList = AB55C7ED1D6CE0070052891C /* Build configuration list for PBXNativeTarget "CruzyMovies" */;
			buildPhases = (
				AB55C7C11D6CE0070052891C /* Sources */,
				AB55C7C21D6CE0070052891C /* Frameworks */,
				AB55C7C31D6CE0070052891C /* Resources */,
			);
			buildRules = (
			);
			dependencies = (
			);
			name = CruzyMovies;
			productName = Test;
			productReference = AB55C7C51D6CE0070052891C /* CruzyMovies.app */;
			productType = "com.apple.product-type.application";
		};
/* End PBXNativeTarget section */

/* Begin PBXProject section */
		AB55C7BD1D6CE0060052891C /* Project object */ = {
			isa = PBXProject;
			attributes = {
				LastSwiftUpdateCheck = 0730;
				LastUpgradeCheck = 0730;
				ORGANIZATIONNAME = "Michael Cruz";
				TargetAttributes = {
					AB55C7C41D6CE0070052891C = {
						CreatedOnToolsVersion = 7.3.1;
						DevelopmentTeam = NQS57WE77C;
					};
				};
			};
			buildConfigurationList = AB55C7C01D6CE0060052891C /* Build configuration list for PBXProject "CruzyMovies" */;
			compatibilityVersion = "Xcode 3.2";
			developmentRegion = English;
			hasScannedForEncodings = 0;
			knownRegions = (
				en,
				Base,
			);
			mainGroup = AB55C7BC1D6CE0060052891C;
			productRefGroup = AB55C7C61D6CE0070052891C /* Products */;
			projectDirPath = "";
			projectRoot = "";
			targets = (
				AB55C7C41D6CE0070052891C /* CruzyMovies */,
			);
		};
/* End PBXProject section */

/* Begin PBXResourcesBuildPhase section */
		AB55C7C31D6CE0070052891C /* Resources */ = {
			isa = PBXResourcesBuildPhase;
			buildActionMask = 2147483647;
			files = (
				AB55C7D31D6CE0070052891C /* LaunchScreen.storyboard in Resources */,
				AB55C7D01D6CE0070052891C /* Assets.xcassets in Resources */,
				AB55C7CE1D6CE0070052891C /* Main.storyboard in Resources */,
				ABC889E41D749E2E0006334A /* image.jpg in Resources */,
				AB8AF4B71D7761C90081778B /* Default-568h@2x.png in Resources */,
			);
			runOnlyForDeploymentPostprocessing = 0;
		};
/* End PBXResourcesBuildPhase section */

/* Begin PBXSourcesBuildPhase section */
		AB55C7C11D6CE0070052891C /* Sources */ = {
			isa = PBXSourcesBuildPhase;
			buildActionMask = 2147483647;
			files = (
				AB55C7CB1D6CE0070052891C /* ViewController.swift in Sources */,
				AB0E7F9C1D714A6A00FA2088 /* json_table_view_images.xcdatamodeld in Sources */,
				AB55C7C91D6CE0070052891C /* AppDelegate.swift in Sources */,
			);
			runOnlyForDeploymentPostprocessing = 0;
		};
/* End PBXSourcesBuildPhase section */

/* Begin PBXVariantGroup section */
		AB55C7CC1D6CE0070052891C /* Main.storyboard */ = {
			isa = PBXVariantGroup;
			children = (
				AB55C7CD1D6CE0070052891C /* Base */,
			);
			name = Main.storyboard;
			sourceTree = "<group>";
		};
		AB55C7D11D6CE0070052891C /* LaunchScreen.storyboard */ = {
			isa = PBXVariantGroup;
			children = (
				AB55C7D21D6CE0070052891C /* Base */,
			);
			name = LaunchScreen.storyboard;
			sourceTree = "<group>";
		};
/* End PBXVariantGroup section */

/* Begin XCBuildConfiguration section */
		AB55C7EB1D6CE0070052891C /* Debug */ = {
			isa = XCBuildConfiguration;
			buildSettings = {
				ALWAYS_SEARCH_USER_PATHS = NO;
				CLANG_ANALYZER_NONNULL = YES;
				CLANG_CXX_LANGUAGE_STANDARD = "gnu++0x";
				CLANG_CXX_LIBRARY = "libc++";
				CLANG_ENABLE_MODULES = YES;
				CLANG_ENABLE_OBJC_ARC = YES;
				CLANG_WARN_BOOL_CONVERSION = YES;
				CLANG_WARN_CONSTANT_CONVERSION = YES;
				CLANG_WARN_DIRECT_OBJC_ISA_USAGE = YES_ERROR;
				CLANG_WARN_EMPTY_BODY = YES;
				CLANG_WARN_ENUM_CONVERSION = YES;
				CLANG_WARN_INT_CONVERSION = YES;
				CLANG_WARN_OBJC_ROOT_CLASS = YES_ERROR;
				CLANG_WARN_UNREACHABLE_CODE = YES;
				CLANG_WARN__DUPLICATE_METHOD_MATCH = YES;
				"CODE_SIGN_IDENTITY[sdk=iphoneos*]" = "iPhone Developer";
				COPY_PHASE_STRIP = NO;
				DEBUG_INFORMATION_FORMAT = dwarf;
				ENABLE_STRICT_OBJC_MSGSEND = YES;
				ENABLE_TESTABILITY = YES;
				GCC_C_LANGUAGE_STANDARD = gnu99;
				GCC_DYNAMIC_NO_PIC = NO;
				GCC_NO_COMMON_BLOCKS = YES;
				GCC_OPTIMIZATION_LEVEL = 0;
				GCC_PREPROCESSOR_DEFINITIONS = (
					"DEBUG=1",
					"$(inherited)",
				);
				GCC_WARN_64_TO_32_BIT_CONVERSION = YES;
				GCC_WARN_ABOUT_RETURN_TYPE = YES_ERROR;
				GCC_WARN_UNDECLARED_SELECTOR = YES;
				GCC_WARN_UNINITIALIZED_AUTOS = YES_AGGRESSIVE;
				GCC_WARN_UNUSED_FUNCTION = YES;
				GCC_WARN_UNUSED_VARIABLE = YES;
				IPHONEOS_DEPLOYMENT_TARGET = 9.3;
				MTL_ENABLE_DEBUG_INFO = YES;
				ONLY_ACTIVE_ARCH = YES;
				SDKROOT = iphoneos;
				SWIFT_OPTIMIZATION_LEVEL = "-Onone";
			};
			name = Debug;
		};
		AB55C7EC1D6CE0070052891C /* Release */ = {
			isa = XCBuildConfiguration;
			buildSettings = {
				ALWAYS_SEARCH_USER_PATHS = NO;
				CLANG_ANALYZER_NONNULL = YES;
				CLANG_CXX_LANGUAGE_STANDARD = "gnu++0x";
				CLANG_CXX_LIBRARY = "libc++";
				CLANG_ENABLE_MODULES = YES;
				CLANG_ENABLE_OBJC_ARC = YES;
				CLANG_WARN_BOOL_CONVERSION = YES;
				CLANG_WARN_CONSTANT_CONVERSION = YES;
				CLANG_WARN_DIRECT_OBJC_ISA_USAGE = YES_ERROR;
				CLANG_WARN_EMPTY_BODY = YES;
				CLANG_WARN_ENUM_CONVERSION = YES;
				CLANG_WARN_INT_CONVERSION = YES;
				CLANG_WARN_OBJC_ROOT_CLASS = YES_ERROR;
				CLANG_WARN_UNREACHABLE_CODE = YES;
				CLANG_WARN__DUPLICATE_METHOD_MATCH = YES;
				"CODE_SIGN_IDENTITY[sdk=iphoneos*]" = "iPhone Developer";
				COPY_PHASE_STRIP = NO;
				DEBUG_INFORMATION_FORMAT = "dwarf-with-dsym";
				ENABLE_NS_ASSERTIONS = NO;
				ENABLE_STRICT_OBJC_MSGSEND = YES;
				GCC_C_LANGUAGE_STANDARD = gnu99;
				GCC_NO_COMMON_BLOCKS = YES;
				GCC_WARN_64_TO_32_BIT_CONVERSION = YES;
				GCC_WARN_ABOUT_RETURN_TYPE = YES_ERROR;
				GCC_WARN_UNDECLARED_SELECTOR = YES;
				GCC_WARN_UNINITIALIZED_AUTOS = YES_AGGRESSIVE;
				GCC_WARN_UNUSED_FUNCTION = YES;
				GCC_WARN_UNUSED_VARIABLE = YES;
				IPHONEOS_DEPLOYMENT_TARGET = 9.3;
				MTL_ENABLE_DEBUG_INFO = NO;
				SDKROOT = iphoneos;
				VALIDATE_PRODUCT = YES;
			};
			name = Release;
		};
		AB55C7EE1D6CE0070052891C /* Debug */ = {
			isa = XCBuildConfiguration;
			buildSettings = {
				ASSETCATALOG_COMPILER_APPICON_NAME = AppIcon;
				CODE_SIGN_IDENTITY = "iPhone Developer";
				INFOPLIST_FILE = "$(SRCROOT)/CruzyMovies/Info.plist";
				IPHONEOS_DEPLOYMENT_TARGET = 9.3;
				LD_RUNPATH_SEARCH_PATHS = "$(inherited) @executable_path/Frameworks";
				PRODUCT_BUNDLE_IDENTIFIER = co.Cruzy.CruzyMovies;
				PRODUCT_NAME = CruzyMovies;
				TARGETED_DEVICE_FAMILY = 1;
			};
			name = Debug;
		};
		AB55C7EF1D6CE0070052891C /* Release */ = {
			isa = XCBuildConfiguration;
			buildSettings = {
				ASSETCATALOG_COMPILER_APPICON_NAME = AppIcon;
				CODE_SIGN_IDENTITY = "iPhone Developer";
				INFOPLIST_FILE = "$(SRCROOT)/CruzyMovies/Info.plist";
				IPHONEOS_DEPLOYMENT_TARGET = 9.3;
				LD_RUNPATH_SEARCH_PATHS = "$(inherited) @executable_path/Frameworks";
				PRODUCT_BUNDLE_IDENTIFIER = co.Cruzy.CruzyMovies;
				PRODUCT_NAME = CruzyMovies;
				TARGETED_DEVICE_FAMILY = 1;
			};
			name = Release;
		};
/* End XCBuildConfiguration section */

/* Begin XCConfigurationList section */
		AB55C7C01D6CE0060052891C /* Build configuration list for PBXProject "CruzyMovies" */ = {
			isa = XCConfigurationList;
			buildConfigurations = (
				AB55C7EB1D6CE0070052891C /* Debug */,
				AB55C7EC1D6CE0070052891C /* Release */,
			);
			defaultConfigurationIsVisible = 0;
			defaultConfigurationName = Release;
		};
		AB55C7ED1D6CE0070052891C /* Build configuration list for PBXNativeTarget "CruzyMovies" */ = {
			isa = XCConfigurationList;
			buildConfigurations = (
				AB55C7EE1D6CE0070052891C /* Debug */,
				AB55C7EF1D6CE0070052891C /* Release */,
			);
			defaultConfigurationIsVisible = 0;
			defaultConfigurationName = Release;
		};
/* End XCConfigurationList section */

/* Begin XCVersionGroup section */
		AB0E7F9A1D714A6A00FA2088 /* json_table_view_images.xcdatamodeld */ = {
			isa = XCVersionGroup;
			children = (
				AB0E7F9B1D714A6A00FA2088 /* json_table_view_images.xcdatamodel */,
			);
			currentVersion = AB0E7F9B1D714A6A00FA2088 /* json_table_view_images.xcdatamodel */;
			path = json_table_view_images.xcdatamodeld;
			sourceTree = "<group>";
			versionGroupType = wrapper.xcdatamodel;
		};
/* End XCVersionGroup section */
	};
	rootObject = AB55C7BD1D6CE0060052891C /* Project object */;
}
